{
  "lockfileVersion": 1,
  "configVersion": 1,
  "workspaces": {
    "": {
      "name": "@aidoris/base",
      "devDependencies": {
        "@types/bun": "catalog:",
        "husky": "catalog:",
      },
    },
    "cli/aidoris": {
      "name": "@aidoris/cli",
      "version": "0.0.1",
    },
    "config/ts": {
      "name": "@aidoris/ts-config",
      "version": "0.0.1",
    },
    "daemon/agent": {
      "name": "@aidoris/agent-daemon",
      "version": "0.0.1",
    },
    "daemon/gateway": {
      "name": "@aidoris/gateway-daemon",
      "version": "0.0.1",
    },
    "lib/db": {
      "name": "@aidoris/db",
      "version": "0.0.1",
    },
    "lib/repo/agent": {
      "name": "@aidoris/agent-repo",
      "version": "0.0.1",
    },
    "lib/repo/gateway": {
      "name": "@aidoris/gateway-repo",
      "version": "0.0.1",
    },
    "lib/svc/agent": {
      "name": "@aidoris/agent-svc",
      "version": "0.0.1",
    },
    "lib/svc/gateway": {
      "name": "@aidoris/gateway-svc",
      "version": "0.0.1",
    },
    "schema/common": {
      "name": "@aidoris/common-schema",
      "version": "0.0.1",
    },
  },
  "catalog": {
    "@types/bun": "^1.3.9",
    "husky": "^9.1.7",
  },
  "packages": {
    "@aidoris/agent-daemon": ["@aidoris/agent-daemon@workspace:daemon/agent"],

    "@aidoris/agent-repo": ["@aidoris/agent-repo@workspace:lib/repo/agent"],

    "@aidoris/agent-svc": ["@aidoris/agent-svc@workspace:lib/svc/agent"],

    "@aidoris/cli": ["@aidoris/cli@workspace:cli/aidoris"],

    "@aidoris/common-schema": ["@aidoris/common-schema@workspace:schema/common"],

    "@aidoris/db": ["@aidoris/db@workspace:lib/db"],

    "@aidoris/gateway-daemon": ["@aidoris/gateway-daemon@workspace:daemon/gateway"],

    "@aidoris/gateway-repo": ["@aidoris/gateway-repo@workspace:lib/repo/gateway"],

    "@aidoris/gateway-svc": ["@aidoris/gateway-svc@workspace:lib/svc/gateway"],

    "@aidoris/ts-config": ["@aidoris/ts-config@workspace:config/ts"],

    "@types/bun": ["@types/bun@1.3.9", "", { "dependencies": { "bun-types": "1.3.9" } }, "sha512-KQ571yULOdWJiMH+RIWIOZ7B2RXQGpL1YQrBtLIV3FqDcCu6FsbFUBwhdKUlCKUpS3PJDsHlJ1QKlpxoVR+xtw=="],

    "@types/node": ["@types/node@25.3.2", "", { "dependencies": { "undici-types": "~7.18.0" } }, "sha512-RpV6r/ij22zRRdyBPcxDeKAzH43phWVKEjL2iksqo1Vz3CuBUrgmPpPhALKiRfU7OMCmeeO9vECBMsV0hMTG8Q=="],

    "bun-types": ["bun-types@1.3.9", "", { "dependencies": { "@types/node": "*" } }, "sha512-+UBWWOakIP4Tswh0Bt0QD0alpTY8cb5hvgiYeWCMet9YukHbzuruIEeXC2D7nMJPB12kbh8C7XJykSexEqGKJg=="],

    "husky": ["husky@9.1.7", "", { "bin": { "husky": "bin.js" } }, "sha512-5gs5ytaNjBrh5Ow3zrvdUUY+0VxIuWVL4i9irt6friV+BqdCfmV11CQTWMiBYWHbXhco+J1kHfTOUkePhCDvMA=="],

    "undici-types": ["undici-types@7.18.2", "", {}, "sha512-AsuCzffGHJybSaRrmr5eHr81mwJU3kjw6M+uprWvCXiNeN9SOGwQ3Jn8jb8m3Z6izVgknn1R0FTCEAP2QrLY/w=="],
  }
}
